// !$*UTF8*$!
{
	archiveVersion = 1;
	classes = {
	};
	objectVersion = 48;
	objects = {

/* Begin PBXBuildFile section */
		074BC6B34A2A4FBEBD39AC45 /* Pods_RHMobiTests.framework in Frameworks */ = {isa = PBXBuildFile; fileRef = 33AA7BEFDFA1C2B10BADE3BB /* Pods_RHMobiTests.framework */; };
		2028D1FD04A90D709D29A6C2 /* Pods_RHMobi.framework in Frameworks */ = {isa = PBXBuildFile; fileRef = 832013FB383D66CDC755C5F1 /* Pods_RHMobi.framework */; };
		29620EADCEC9D93B9993A5DD /* Pods_RHMobiUITests.framework in Frameworks */ = {isa = PBXBuildFile; fileRef = 9AC5270027925376583D855F /* Pods_RHMobiUITests.framework */; };
		AD0D2F26205B2E2900912130 /* FotoHelper.swift in Sources */ = {isa = PBXBuildFile; fileRef = AD0D2F25205B2E2900912130 /* FotoHelper.swift */; };
		AD0D2F28205B2E6C00912130 /* NotificationKeysEnumHelper.swift in Sources */ = {isa = PBXBuildFile; fileRef = AD0D2F27205B2E6C00912130 /* NotificationKeysEnumHelper.swift */; };
		AD0D2F2A205B32B900912130 /* CadastroViewController.swift in Sources */ = {isa = PBXBuildFile; fileRef = AD0D2F29205B32B900912130 /* CadastroViewController.swift */; };
		AD10199C205ABA9C00FDF2EC /* Endereco.swift in Sources */ = {isa = PBXBuildFile; fileRef = AD10199B205ABA9C00FDF2EC /* Endereco.swift */; };
		AD4C3C4120584A0E0047DFFE /* DetalhesVagaViewController.swift in Sources */ = {isa = PBXBuildFile; fileRef = AD4C3C4020584A0E0047DFFE /* DetalhesVagaViewController.swift */; };
		AD7B19EC205C54BB00A012D6 /* Candidato.swift in Sources */ = {isa = PBXBuildFile; fileRef = AD7B19EB205C54BB00A012D6 /* Candidato.swift */; };
		AD7B19EE205C58A800A012D6 /* CV.swift in Sources */ = {isa = PBXBuildFile; fileRef = AD7B19ED205C58A800A012D6 /* CV.swift */; };
		AD7B19F0205C5A0400A012D6 /* StatusCV.swift in Sources */ = {isa = PBXBuildFile; fileRef = AD7B19EF205C5A0400A012D6 /* StatusCV.swift */; };
		AD7B19F3205C5B7200A012D6 /* StatusVaga.swift in Sources */ = {isa = PBXBuildFile; fileRef = AD7B19F2205C5B7200A012D6 /* StatusVaga.swift */; };
		AD7B19F5205C684A00A012D6 /* StatusVagaEnumHelper.swift in Sources */ = {isa = PBXBuildFile; fileRef = AD7B19F4205C684A00A012D6 /* StatusVagaEnumHelper.swift */; };
		AD7B19F7205C692400A012D6 /* StatusCVEnumHelper.swift in Sources */ = {isa = PBXBuildFile; fileRef = AD7B19F6205C692400A012D6 /* StatusCVEnumHelper.swift */; };
		AD7B19F9205C6BFE00A012D6 /* Cliente.swift in Sources */ = {isa = PBXBuildFile; fileRef = AD7B19F8205C6BFE00A012D6 /* Cliente.swift */; };
		AD88479520571EA8000DD6A1 /* AppDelegate.swift in Sources */ = {isa = PBXBuildFile; fileRef = AD88479420571EA8000DD6A1 /* AppDelegate.swift */; };
		AD88479720571EA8000DD6A1 /* ListaVagasViewController.swift in Sources */ = {isa = PBXBuildFile; fileRef = AD88479620571EA8000DD6A1 /* ListaVagasViewController.swift */; };
		AD88479A20571EA8000DD6A1 /* Main.storyboard in Resources */ = {isa = PBXBuildFile; fileRef = AD88479820571EA8000DD6A1 /* Main.storyboard */; };
		AD88479D20571EA8000DD6A1 /* RHMobi.xcdatamodeld in Sources */ = {isa = PBXBuildFile; fileRef = AD88479B20571EA8000DD6A1 /* RHMobi.xcdatamodeld */; };
		AD88479F20571EA8000DD6A1 /* Assets.xcassets in Resources */ = {isa = PBXBuildFile; fileRef = AD88479E20571EA8000DD6A1 /* Assets.xcassets */; };
		AD8847A220571EA8000DD6A1 /* LaunchScreen.storyboard in Resources */ = {isa = PBXBuildFile; fileRef = AD8847A020571EA8000DD6A1 /* LaunchScreen.storyboard */; };
		AD8847AD20571EA9000DD6A1 /* RHMobiTests.swift in Sources */ = {isa = PBXBuildFile; fileRef = AD8847AC20571EA9000DD6A1 /* RHMobiTests.swift */; };
		AD8847B820571EA9000DD6A1 /* RHMobiUITests.swift in Sources */ = {isa = PBXBuildFile; fileRef = AD8847B720571EA9000DD6A1 /* RHMobiUITests.swift */; };
		AD8847CD205741BE000DD6A1 /* AreasInteresse.swift in Sources */ = {isa = PBXBuildFile; fileRef = AD8847CC205741BE000DD6A1 /* AreasInteresse.swift */; };
		AD8847CF2057421E000DD6A1 /* Requisitos.swift in Sources */ = {isa = PBXBuildFile; fileRef = AD8847CE2057421E000DD6A1 /* Requisitos.swift */; };
		AD8847D12057427E000DD6A1 /* Vaga.swift in Sources */ = {isa = PBXBuildFile; fileRef = AD8847D02057427E000DD6A1 /* Vaga.swift */; };
		AD8847D320574596000DD6A1 /* UIImageView+extension+DownloadImgFromWeb.swift in Sources */ = {isa = PBXBuildFile; fileRef = AD8847D220574596000DD6A1 /* UIImageView+extension+DownloadImgFromWeb.swift */; };
		AD8847D520574A89000DD6A1 /* JsonDelegate.swift in Sources */ = {isa = PBXBuildFile; fileRef = AD8847D420574A89000DD6A1 /* JsonDelegate.swift */; };
		AD8847D820574F81000DD6A1 /* VagasTableViewCell.swift in Sources */ = {isa = PBXBuildFile; fileRef = AD8847D720574F81000DD6A1 /* VagasTableViewCell.swift */; };
		AD8847DB205753A6000DD6A1 /* UrlEnumHelper.swift in Sources */ = {isa = PBXBuildFile; fileRef = AD8847DA205753A6000DD6A1 /* UrlEnumHelper.swift */; };
		AD8847DD2057667A000DD6A1 /* String+extension+IdentifySubstrings.swift in Sources */ = {isa = PBXBuildFile; fileRef = AD8847DC2057667A000DD6A1 /* String+extension+IdentifySubstrings.swift */; };
		ADA3BE9320595DB00012E03B /* UsuariorHelper.swift in Sources */ = {isa = PBXBuildFile; fileRef = ADA3BE9220595DB00012E03B /* UsuariorHelper.swift */; };
		ADA3BE99205964F40012E03B /* LoginViewController.swift in Sources */ = {isa = PBXBuildFile; fileRef = ADA3BE98205964F40012E03B /* LoginViewController.swift */; };
		ADBEDBDF2070120300DB53CA /* CoreDataHelper.swift in Sources */ = {isa = PBXBuildFile; fileRef = ADBEDBDD2070120300DB53CA /* CoreDataHelper.swift */; };
		ADBEDBE02070120300DB53CA /* JsonHelper.swift in Sources */ = {isa = PBXBuildFile; fileRef = ADBEDBDE2070120300DB53CA /* JsonHelper.swift */; };
		ADC47272206C7D81008F8242 /* ResumoVagaContainerViewController.swift in Sources */ = {isa = PBXBuildFile; fileRef = ADC47271206C7D81008F8242 /* ResumoVagaContainerViewController.swift */; };
		ADC47274206C7DBC008F8242 /* DescReqVagaContainerViewController.swift in Sources */ = {isa = PBXBuildFile; fileRef = ADC47273206C7DBC008F8242 /* DescReqVagaContainerViewController.swift */; };
		ADC47276206C89FF008F8242 /* VagaHelper.swift in Sources */ = {isa = PBXBuildFile; fileRef = ADC47275206C89FF008F8242 /* VagaHelper.swift */; };
		ADD04AFA2061840C004340A7 /* CandidatoDAO.swift in Sources */ = {isa = PBXBuildFile; fileRef = ADD04AF92061840C004340A7 /* CandidatoDAO.swift */; };
/* End PBXBuildFile section */

/* Begin PBXContainerItemProxy section */
		AD8847A920571EA9000DD6A1 /* PBXContainerItemProxy */ = {
			isa = PBXContainerItemProxy;
			containerPortal = AD88478920571EA8000DD6A1 /* Project object */;
			proxyType = 1;
			remoteGlobalIDString = AD88479020571EA8000DD6A1;
			remoteInfo = RHMobi;
		};
		AD8847B420571EA9000DD6A1 /* PBXContainerItemProxy */ = {
			isa = PBXContainerItemProxy;
			containerPortal = AD88478920571EA8000DD6A1 /* Project object */;
			proxyType = 1;
			remoteGlobalIDString = AD88479020571EA8000DD6A1;
			remoteInfo = RHMobi;
		};
/* End PBXContainerItemProxy section */

/* Begin PBXFileReference section */
		33AA7BEFDFA1C2B10BADE3BB /* Pods_RHMobiTests.framework */ = {isa = PBXFileReference; explicitFileType = wrapper.framework; includeInIndex = 0; path = Pods_RHMobiTests.framework; sourceTree = BUILT_PRODUCTS_DIR; };
		45F3726B116050540BB0B686 /* Pods-RHMobiUITests.debug.xcconfig */ = {isa = PBXFileReference; includeInIndex = 1; lastKnownFileType = text.xcconfig; name = "Pods-RHMobiUITests.debug.xcconfig"; path = "Pods/Target Support Files/Pods-RHMobiUITests/Pods-RHMobiUITests.debug.xcconfig"; sourceTree = "<group>"; };
		50500284D671A76EF63E894A /* Pods-RHMobiTests.release.xcconfig */ = {isa = PBXFileReference; includeInIndex = 1; lastKnownFileType = text.xcconfig; name = "Pods-RHMobiTests.release.xcconfig"; path = "Pods/Target Support Files/Pods-RHMobiTests/Pods-RHMobiTests.release.xcconfig"; sourceTree = "<group>"; };
		832013FB383D66CDC755C5F1 /* Pods_RHMobi.framework */ = {isa = PBXFileReference; explicitFileType = wrapper.framework; includeInIndex = 0; path = Pods_RHMobi.framework; sourceTree = BUILT_PRODUCTS_DIR; };
		9AC5270027925376583D855F /* Pods_RHMobiUITests.framework */ = {isa = PBXFileReference; explicitFileType = wrapper.framework; includeInIndex = 0; path = Pods_RHMobiUITests.framework; sourceTree = BUILT_PRODUCTS_DIR; };
		AD0D2F25205B2E2900912130 /* FotoHelper.swift */ = {isa = PBXFileReference; fileEncoding = 4; lastKnownFileType = sourcecode.swift; path = FotoHelper.swift; sourceTree = "<group>"; };
		AD0D2F27205B2E6C00912130 /* NotificationKeysEnumHelper.swift */ = {isa = PBXFileReference; lastKnownFileType = sourcecode.swift; path = NotificationKeysEnumHelper.swift; sourceTree = "<group>"; };
		AD0D2F29205B32B900912130 /* CadastroViewController.swift */ = {isa = PBXFileReference; lastKnownFileType = sourcecode.swift; path = CadastroViewController.swift; sourceTree = "<group>"; };
		AD10199B205ABA9C00FDF2EC /* Endereco.swift */ = {isa = PBXFileReference; lastKnownFileType = sourcecode.swift; path = Endereco.swift; sourceTree = "<group>"; };
		AD4C3C4020584A0E0047DFFE /* DetalhesVagaViewController.swift */ = {isa = PBXFileReference; lastKnownFileType = sourcecode.swift; path = DetalhesVagaViewController.swift; sourceTree = "<group>"; };
		AD7B19EB205C54BB00A012D6 /* Candidato.swift */ = {isa = PBXFileReference; lastKnownFileType = sourcecode.swift; path = Candidato.swift; sourceTree = "<group>"; };
		AD7B19ED205C58A800A012D6 /* CV.swift */ = {isa = PBXFileReference; lastKnownFileType = sourcecode.swift; path = CV.swift; sourceTree = "<group>"; };
		AD7B19EF205C5A0400A012D6 /* StatusCV.swift */ = {isa = PBXFileReference; lastKnownFileType = sourcecode.swift; path = StatusCV.swift; sourceTree = "<group>"; };
		AD7B19F2205C5B7200A012D6 /* StatusVaga.swift */ = {isa = PBXFileReference; lastKnownFileType = sourcecode.swift; path = StatusVaga.swift; sourceTree = "<group>"; };
		AD7B19F4205C684A00A012D6 /* StatusVagaEnumHelper.swift */ = {isa = PBXFileReference; lastKnownFileType = sourcecode.swift; path = StatusVagaEnumHelper.swift; sourceTree = "<group>"; };
		AD7B19F6205C692400A012D6 /* StatusCVEnumHelper.swift */ = {isa = PBXFileReference; lastKnownFileType = sourcecode.swift; path = StatusCVEnumHelper.swift; sourceTree = "<group>"; };
		AD7B19F8205C6BFE00A012D6 /* Cliente.swift */ = {isa = PBXFileReference; lastKnownFileType = sourcecode.swift; path = Cliente.swift; sourceTree = "<group>"; };
		AD88479120571EA8000DD6A1 /* RHMobi.app */ = {isa = PBXFileReference; explicitFileType = wrapper.application; includeInIndex = 0; path = RHMobi.app; sourceTree = BUILT_PRODUCTS_DIR; };
		AD88479420571EA8000DD6A1 /* AppDelegate.swift */ = {isa = PBXFileReference; lastKnownFileType = sourcecode.swift; path = AppDelegate.swift; sourceTree = "<group>"; };
		AD88479620571EA8000DD6A1 /* ListaVagasViewController.swift */ = {isa = PBXFileReference; lastKnownFileType = sourcecode.swift; path = ListaVagasViewController.swift; sourceTree = "<group>"; };
		AD88479920571EA8000DD6A1 /* Base */ = {isa = PBXFileReference; lastKnownFileType = file.storyboard; name = Base; path = Base.lproj/Main.storyboard; sourceTree = "<group>"; };
		AD88479C20571EA8000DD6A1 /* RHMobi.xcdatamodel */ = {isa = PBXFileReference; lastKnownFileType = wrapper.xcdatamodel; path = RHMobi.xcdatamodel; sourceTree = "<group>"; };
		AD88479E20571EA8000DD6A1 /* Assets.xcassets */ = {isa = PBXFileReference; lastKnownFileType = folder.assetcatalog; path = Assets.xcassets; sourceTree = "<group>"; };
		AD8847A120571EA8000DD6A1 /* Base */ = {isa = PBXFileReference; lastKnownFileType = file.storyboard; name = Base; path = Base.lproj/LaunchScreen.storyboard; sourceTree = "<group>"; };
		AD8847A320571EA8000DD6A1 /* Info.plist */ = {isa = PBXFileReference; lastKnownFileType = text.plist.xml; path = Info.plist; sourceTree = "<group>"; };
		AD8847A820571EA9000DD6A1 /* RHMobiTests.xctest */ = {isa = PBXFileReference; explicitFileType = wrapper.cfbundle; includeInIndex = 0; path = RHMobiTests.xctest; sourceTree = BUILT_PRODUCTS_DIR; };
		AD8847AC20571EA9000DD6A1 /* RHMobiTests.swift */ = {isa = PBXFileReference; lastKnownFileType = sourcecode.swift; path = RHMobiTests.swift; sourceTree = "<group>"; };
		AD8847AE20571EA9000DD6A1 /* Info.plist */ = {isa = PBXFileReference; lastKnownFileType = text.plist.xml; path = Info.plist; sourceTree = "<group>"; };
		AD8847B320571EA9000DD6A1 /* RHMobiUITests.xctest */ = {isa = PBXFileReference; explicitFileType = wrapper.cfbundle; includeInIndex = 0; path = RHMobiUITests.xctest; sourceTree = BUILT_PRODUCTS_DIR; };
		AD8847B720571EA9000DD6A1 /* RHMobiUITests.swift */ = {isa = PBXFileReference; lastKnownFileType = sourcecode.swift; path = RHMobiUITests.swift; sourceTree = "<group>"; };
		AD8847B920571EA9000DD6A1 /* Info.plist */ = {isa = PBXFileReference; lastKnownFileType = text.plist.xml; path = Info.plist; sourceTree = "<group>"; };
		AD8847CC205741BE000DD6A1 /* AreasInteresse.swift */ = {isa = PBXFileReference; lastKnownFileType = sourcecode.swift; path = AreasInteresse.swift; sourceTree = "<group>"; };
		AD8847CE2057421E000DD6A1 /* Requisitos.swift */ = {isa = PBXFileReference; lastKnownFileType = sourcecode.swift; path = Requisitos.swift; sourceTree = "<group>"; };
		AD8847D02057427E000DD6A1 /* Vaga.swift */ = {isa = PBXFileReference; lastKnownFileType = sourcecode.swift; path = Vaga.swift; sourceTree = "<group>"; };
		AD8847D220574596000DD6A1 /* UIImageView+extension+DownloadImgFromWeb.swift */ = {isa = PBXFileReference; fileEncoding = 4; lastKnownFileType = sourcecode.swift; path = "UIImageView+extension+DownloadImgFromWeb.swift"; sourceTree = "<group>"; };
		AD8847D420574A89000DD6A1 /* JsonDelegate.swift */ = {isa = PBXFileReference; lastKnownFileType = sourcecode.swift; path = JsonDelegate.swift; sourceTree = "<group>"; };
		AD8847D720574F81000DD6A1 /* VagasTableViewCell.swift */ = {isa = PBXFileReference; lastKnownFileType = sourcecode.swift; path = VagasTableViewCell.swift; sourceTree = "<group>"; };
		AD8847DA205753A6000DD6A1 /* UrlEnumHelper.swift */ = {isa = PBXFileReference; lastKnownFileType = sourcecode.swift; path = UrlEnumHelper.swift; sourceTree = "<group>"; };
		AD8847DC2057667A000DD6A1 /* String+extension+IdentifySubstrings.swift */ = {isa = PBXFileReference; lastKnownFileType = sourcecode.swift; path = "String+extension+IdentifySubstrings.swift"; sourceTree = "<group>"; };
		ADA3BE9220595DB00012E03B /* UsuariorHelper.swift */ = {isa = PBXFileReference; lastKnownFileType = sourcecode.swift; path = UsuariorHelper.swift; sourceTree = "<group>"; };
		ADA3BE98205964F40012E03B /* LoginViewController.swift */ = {isa = PBXFileReference; lastKnownFileType = sourcecode.swift; path = LoginViewController.swift; sourceTree = "<group>"; };
		ADBEDBDD2070120300DB53CA /* CoreDataHelper.swift */ = {isa = PBXFileReference; fileEncoding = 4; lastKnownFileType = sourcecode.swift; path = CoreDataHelper.swift; sourceTree = "<group>"; };
		ADBEDBDE2070120300DB53CA /* JsonHelper.swift */ = {isa = PBXFileReference; fileEncoding = 4; lastKnownFileType = sourcecode.swift; path = JsonHelper.swift; sourceTree = "<group>"; };
		ADC47271206C7D81008F8242 /* ResumoVagaContainerViewController.swift */ = {isa = PBXFileReference; lastKnownFileType = sourcecode.swift; path = ResumoVagaContainerViewController.swift; sourceTree = "<group>"; };
		ADC47273206C7DBC008F8242 /* DescReqVagaContainerViewController.swift */ = {isa = PBXFileReference; lastKnownFileType = sourcecode.swift; path = DescReqVagaContainerViewController.swift; sourceTree = "<group>"; };
		ADC47275206C89FF008F8242 /* VagaHelper.swift */ = {isa = PBXFileReference; lastKnownFileType = sourcecode.swift; path = VagaHelper.swift; sourceTree = "<group>"; };
		ADD04AF92061840C004340A7 /* CandidatoDAO.swift */ = {isa = PBXFileReference; lastKnownFileType = sourcecode.swift; path = CandidatoDAO.swift; sourceTree = "<group>"; };
		BFB591D32B661BA63C1FB577 /* Pods-RHMobiUITests.release.xcconfig */ = {isa = PBXFileReference; includeInIndex = 1; lastKnownFileType = text.xcconfig; name = "Pods-RHMobiUITests.release.xcconfig"; path = "Pods/Target Support Files/Pods-RHMobiUITests/Pods-RHMobiUITests.release.xcconfig"; sourceTree = "<group>"; };
		D014E1A1EBD0A1CEDFCEAC4F /* Pods-RHMobi.debug.xcconfig */ = {isa = PBXFileReference; includeInIndex = 1; lastKnownFileType = text.xcconfig; name = "Pods-RHMobi.debug.xcconfig"; path = "Pods/Target Support Files/Pods-RHMobi/Pods-RHMobi.debug.xcconfig"; sourceTree = "<group>"; };
		D202F91CCF48FAA53F572420 /* Pods-RHMobi.release.xcconfig */ = {isa = PBXFileReference; includeInIndex = 1; lastKnownFileType = text.xcconfig; name = "Pods-RHMobi.release.xcconfig"; path = "Pods/Target Support Files/Pods-RHMobi/Pods-RHMobi.release.xcconfig"; sourceTree = "<group>"; };
		E53F9BAF625202C43FD6BAA5 /* Pods-RHMobiTests.debug.xcconfig */ = {isa = PBXFileReference; includeInIndex = 1; lastKnownFileType = text.xcconfig; name = "Pods-RHMobiTests.debug.xcconfig"; path = "Pods/Target Support Files/Pods-RHMobiTests/Pods-RHMobiTests.debug.xcconfig"; sourceTree = "<group>"; };
/* End PBXFileReference section */

/* Begin PBXFrameworksBuildPhase section */
		AD88478E20571EA8000DD6A1 /* Frameworks */ = {
			isa = PBXFrameworksBuildPhase;
			buildActionMask = 2147483647;
			files = (
				2028D1FD04A90D709D29A6C2 /* Pods_RHMobi.framework in Frameworks */,
			);
			runOnlyForDeploymentPostprocessing = 0;
		};
		AD8847A520571EA9000DD6A1 /* Frameworks */ = {
			isa = PBXFrameworksBuildPhase;
			buildActionMask = 2147483647;
			files = (
				074BC6B34A2A4FBEBD39AC45 /* Pods_RHMobiTests.framework in Frameworks */,
			);
			runOnlyForDeploymentPostprocessing = 0;
		};
		AD8847B020571EA9000DD6A1 /* Frameworks */ = {
			isa = PBXFrameworksBuildPhase;
			buildActionMask = 2147483647;
			files = (
				29620EADCEC9D93B9993A5DD /* Pods_RHMobiUITests.framework in Frameworks */,
			);
			runOnlyForDeploymentPostprocessing = 0;
		};
/* End PBXFrameworksBuildPhase section */

/* Begin PBXGroup section */
		95AF366B4B52B328A2367CFB /* Frameworks */ = {
			isa = PBXGroup;
			children = (
				832013FB383D66CDC755C5F1 /* Pods_RHMobi.framework */,
				33AA7BEFDFA1C2B10BADE3BB /* Pods_RHMobiTests.framework */,
				9AC5270027925376583D855F /* Pods_RHMobiUITests.framework */,
			);
			name = Frameworks;
			sourceTree = "<group>";
		};
		AD3AF9D720702E2000FE6FE8 /* CodigosAntigos */ = {
			isa = PBXGroup;
			children = (
				ADD04AF92061840C004340A7 /* CandidatoDAO.swift */,
			);
			path = CodigosAntigos;
			sourceTree = "<group>";
		};
		AD3AFA09207044AE00FE6FE8 /* ViewModel */ = {
			isa = PBXGroup;
			children = (
			);
			path = ViewModel;
			sourceTree = "<group>";
		};
		AD7B19F1205C5A5E00A012D6 /* Enums */ = {
			isa = PBXGroup;
			children = (
				AD0D2F27205B2E6C00912130 /* NotificationKeysEnumHelper.swift */,
				AD8847DA205753A6000DD6A1 /* UrlEnumHelper.swift */,
				AD7B19F4205C684A00A012D6 /* StatusVagaEnumHelper.swift */,
				AD7B19F6205C692400A012D6 /* StatusCVEnumHelper.swift */,
			);
			path = Enums;
			sourceTree = "<group>";
		};
		AD88478820571EA8000DD6A1 = {
			isa = PBXGroup;
			children = (
				AD88479320571EA8000DD6A1 /* RHMobi */,
				AD8847AB20571EA9000DD6A1 /* RHMobiTests */,
				AD8847B620571EA9000DD6A1 /* RHMobiUITests */,
				AD88479220571EA8000DD6A1 /* Products */,
				CCFD67BE5CF70AB619361693 /* Pods */,
				95AF366B4B52B328A2367CFB /* Frameworks */,
			);
			sourceTree = "<group>";
		};
		AD88479220571EA8000DD6A1 /* Products */ = {
			isa = PBXGroup;
			children = (
				AD88479120571EA8000DD6A1 /* RHMobi.app */,
				AD8847A820571EA9000DD6A1 /* RHMobiTests.xctest */,
				AD8847B320571EA9000DD6A1 /* RHMobiUITests.xctest */,
			);
			name = Products;
			sourceTree = "<group>";
		};
		AD88479320571EA8000DD6A1 /* RHMobi */ = {
			isa = PBXGroup;
			children = (
				AD3AFA09207044AE00FE6FE8 /* ViewModel */,
				AD3AF9D720702E2000FE6FE8 /* CodigosAntigos */,
				AD7B19F1205C5A5E00A012D6 /* Enums */,
				AD8847D920575389000DD6A1 /* Helpers */,
				AD8847CB2057414A000DD6A1 /* Extensions */,
				AD8847CA2057413E000DD6A1 /* Model */,
				AD8847C92057411F000DD6A1 /* View */,
				AD8847C820574109000DD6A1 /* Delegates */,
				AD8847C7205740FB000DD6A1 /* Controller */,
				AD88479E20571EA8000DD6A1 /* Assets.xcassets */,
				AD8847A320571EA8000DD6A1 /* Info.plist */,
				AD88479B20571EA8000DD6A1 /* RHMobi.xcdatamodeld */,
			);
			path = RHMobi;
			sourceTree = "<group>";
		};
		AD8847AB20571EA9000DD6A1 /* RHMobiTests */ = {
			isa = PBXGroup;
			children = (
				AD8847AC20571EA9000DD6A1 /* RHMobiTests.swift */,
				AD8847AE20571EA9000DD6A1 /* Info.plist */,
			);
			path = RHMobiTests;
			sourceTree = "<group>";
		};
		AD8847B620571EA9000DD6A1 /* RHMobiUITests */ = {
			isa = PBXGroup;
			children = (
				AD8847B720571EA9000DD6A1 /* RHMobiUITests.swift */,
				AD8847B920571EA9000DD6A1 /* Info.plist */,
			);
			path = RHMobiUITests;
			sourceTree = "<group>";
		};
		AD8847C7205740FB000DD6A1 /* Controller */ = {
			isa = PBXGroup;
			children = (
				ADC47270206C7D5F008F8242 /* Containers */,
				AD8847D620574F5C000DD6A1 /* CustomCells */,
				AD88479620571EA8000DD6A1 /* ListaVagasViewController.swift */,
				AD4C3C4020584A0E0047DFFE /* DetalhesVagaViewController.swift */,
				ADA3BE98205964F40012E03B /* LoginViewController.swift */,
				AD0D2F29205B32B900912130 /* CadastroViewController.swift */,
			);
			path = Controller;
			sourceTree = "<group>";
		};
		AD8847C820574109000DD6A1 /* Delegates */ = {
			isa = PBXGroup;
			children = (
				AD88479420571EA8000DD6A1 /* AppDelegate.swift */,
				AD8847D420574A89000DD6A1 /* JsonDelegate.swift */,
			);
			name = Delegates;
			path = "New Group";
			sourceTree = "<group>";
		};
		AD8847C92057411F000DD6A1 /* View */ = {
			isa = PBXGroup;
			children = (
				AD8847A020571EA8000DD6A1 /* LaunchScreen.storyboard */,
				AD88479820571EA8000DD6A1 /* Main.storyboard */,
			);
			path = View;
			sourceTree = "<group>";
		};
		AD8847CA2057413E000DD6A1 /* Model */ = {
			isa = PBXGroup;
			children = (
				ADD04AF8206183FF004340A7 /* DAO */,
				ADD04AF7206183ED004340A7 /* Models */,
			);
			path = Model;
			sourceTree = "<group>";
		};
		AD8847CB2057414A000DD6A1 /* Extensions */ = {
			isa = PBXGroup;
			children = (
				AD8847D220574596000DD6A1 /* UIImageView+extension+DownloadImgFromWeb.swift */,
				AD8847DC2057667A000DD6A1 /* String+extension+IdentifySubstrings.swift */,
			);
			path = Extensions;
			sourceTree = "<group>";
		};
		AD8847D620574F5C000DD6A1 /* CustomCells */ = {
			isa = PBXGroup;
			children = (
				AD8847D720574F81000DD6A1 /* VagasTableViewCell.swift */,
			);
			path = CustomCells;
			sourceTree = "<group>";
		};
		AD8847D920575389000DD6A1 /* Helpers */ = {
			isa = PBXGroup;
			children = (
				AD0D2F25205B2E2900912130 /* FotoHelper.swift */,
				ADA3BE9220595DB00012E03B /* UsuariorHelper.swift */,
				ADBEDBDD2070120300DB53CA /* CoreDataHelper.swift */,
				ADBEDBDE2070120300DB53CA /* JsonHelper.swift */,
				ADC47275206C89FF008F8242 /* VagaHelper.swift */,
			);
			path = Helpers;
			sourceTree = "<group>";
		};
		ADC47270206C7D5F008F8242 /* Containers */ = {
			isa = PBXGroup;
			children = (
				ADC47271206C7D81008F8242 /* ResumoVagaContainerViewController.swift */,
				ADC47273206C7DBC008F8242 /* DescReqVagaContainerViewController.swift */,
			);
			path = Containers;
			sourceTree = "<group>";
		};
		ADD04AF7206183ED004340A7 /* Models */ = {
			isa = PBXGroup;
			children = (
				AD8847CC205741BE000DD6A1 /* AreasInteresse.swift */,
				AD8847CE2057421E000DD6A1 /* Requisitos.swift */,
				AD8847D02057427E000DD6A1 /* Vaga.swift */,
				AD10199B205ABA9C00FDF2EC /* Endereco.swift */,
				AD7B19EB205C54BB00A012D6 /* Candidato.swift */,
				AD7B19ED205C58A800A012D6 /* CV.swift */,
				AD7B19EF205C5A0400A012D6 /* StatusCV.swift */,
				AD7B19F2205C5B7200A012D6 /* StatusVaga.swift */,
				AD7B19F8205C6BFE00A012D6 /* Cliente.swift */,
			);
			path = Models;
			sourceTree = "<group>";
		};
		ADD04AF8206183FF004340A7 /* DAO */ = {
			isa = PBXGroup;
			children = (
			);
			path = DAO;
			sourceTree = "<group>";
		};
		CCFD67BE5CF70AB619361693 /* Pods */ = {
			isa = PBXGroup;
			children = (
				D014E1A1EBD0A1CEDFCEAC4F /* Pods-RHMobi.debug.xcconfig */,
				D202F91CCF48FAA53F572420 /* Pods-RHMobi.release.xcconfig */,
				E53F9BAF625202C43FD6BAA5 /* Pods-RHMobiTests.debug.xcconfig */,
				50500284D671A76EF63E894A /* Pods-RHMobiTests.release.xcconfig */,
				45F3726B116050540BB0B686 /* Pods-RHMobiUITests.debug.xcconfig */,
				BFB591D32B661BA63C1FB577 /* Pods-RHMobiUITests.release.xcconfig */,
			);
			name = Pods;
			sourceTree = "<group>";
		};
/* End PBXGroup section */

/* Begin PBXNativeTarget section */
		AD88479020571EA8000DD6A1 /* RHMobi */ = {
			isa = PBXNativeTarget;
			buildConfigurationList = AD8847BC20571EA9000DD6A1 /* Build configuration list for PBXNativeTarget "RHMobi" */;
			buildPhases = (
				E06B7D5ACA8EBB63130329D3 /* [CP] Check Pods Manifest.lock */,
				AD88478D20571EA8000DD6A1 /* Sources */,
				AD88478E20571EA8000DD6A1 /* Frameworks */,
				AD88478F20571EA8000DD6A1 /* Resources */,
				C5F0A361D7D012AE0E59E9C3 /* [CP] Embed Pods Frameworks */,
				03251BB5E6C8721BF846677A /* [CP] Copy Pods Resources */,
			);
			buildRules = (
			);
			dependencies = (
			);
			name = RHMobi;
			productName = RHMobi;
			productReference = AD88479120571EA8000DD6A1 /* RHMobi.app */;
			productType = "com.apple.product-type.application";
		};
		AD8847A720571EA9000DD6A1 /* RHMobiTests */ = {
			isa = PBXNativeTarget;
			buildConfigurationList = AD8847BF20571EA9000DD6A1 /* Build configuration list for PBXNativeTarget "RHMobiTests" */;
			buildPhases = (
				87FA3473370B379D6087B890 /* [CP] Check Pods Manifest.lock */,
				AD8847A420571EA9000DD6A1 /* Sources */,
				AD8847A520571EA9000DD6A1 /* Frameworks */,
				AD8847A620571EA9000DD6A1 /* Resources */,
				821621AD5F446D5D906B4A6B /* [CP] Embed Pods Frameworks */,
				8B059D17DB448E68CE1B84C2 /* [CP] Copy Pods Resources */,
			);
			buildRules = (
			);
			dependencies = (
				AD8847AA20571EA9000DD6A1 /* PBXTargetDependency */,
			);
			name = RHMobiTests;
			productName = RHMobiTests;
			productReference = AD8847A820571EA9000DD6A1 /* RHMobiTests.xctest */;
			productType = "com.apple.product-type.bundle.unit-test";
		};
		AD8847B220571EA9000DD6A1 /* RHMobiUITests */ = {
			isa = PBXNativeTarget;
			buildConfigurationList = AD8847C220571EA9000DD6A1 /* Build configuration list for PBXNativeTarget "RHMobiUITests" */;
			buildPhases = (
				76C532080F3D3259AEF35E40 /* [CP] Check Pods Manifest.lock */,
				AD8847AF20571EA9000DD6A1 /* Sources */,
				AD8847B020571EA9000DD6A1 /* Frameworks */,
				AD8847B120571EA9000DD6A1 /* Resources */,
				FD41C2797DEAA1AF92979FE1 /* [CP] Embed Pods Frameworks */,
				8EB6BCB742E24DA6C52BBC70 /* [CP] Copy Pods Resources */,
			);
			buildRules = (
			);
			dependencies = (
				AD8847B520571EA9000DD6A1 /* PBXTargetDependency */,
			);
			name = RHMobiUITests;
			productName = RHMobiUITests;
			productReference = AD8847B320571EA9000DD6A1 /* RHMobiUITests.xctest */;
			productType = "com.apple.product-type.bundle.ui-testing";
		};
/* End PBXNativeTarget section */

/* Begin PBXProject section */
		AD88478920571EA8000DD6A1 /* Project object */ = {
			isa = PBXProject;
			attributes = {
				LastSwiftUpdateCheck = 0920;
				LastUpgradeCheck = 0920;
				ORGANIZATIONNAME = "Edson  Jr";
				TargetAttributes = {
					AD88479020571EA8000DD6A1 = {
						CreatedOnToolsVersion = 9.2;
						ProvisioningStyle = Automatic;
					};
					AD8847A720571EA9000DD6A1 = {
						CreatedOnToolsVersion = 9.2;
						ProvisioningStyle = Automatic;
						TestTargetID = AD88479020571EA8000DD6A1;
					};
					AD8847B220571EA9000DD6A1 = {
						CreatedOnToolsVersion = 9.2;
						ProvisioningStyle = Automatic;
						TestTargetID = AD88479020571EA8000DD6A1;
					};
				};
			};
			buildConfigurationList = AD88478C20571EA8000DD6A1 /* Build configuration list for PBXProject "RHMobi" */;
			compatibilityVersion = "Xcode 8.0";
			developmentRegion = en;
			hasScannedForEncodings = 0;
			knownRegions = (
				en,
				Base,
			);
			mainGroup = AD88478820571EA8000DD6A1;
			productRefGroup = AD88479220571EA8000DD6A1 /* Products */;
			projectDirPath = "";
			projectRoot = "";
			targets = (
				AD88479020571EA8000DD6A1 /* RHMobi */,
				AD8847A720571EA9000DD6A1 /* RHMobiTests */,
				AD8847B220571EA9000DD6A1 /* RHMobiUITests */,
			);
		};
/* End PBXProject section */

/* Begin PBXResourcesBuildPhase section */
		AD88478F20571EA8000DD6A1 /* Resources */ = {
			isa = PBXResourcesBuildPhase;
			buildActionMask = 2147483647;
			files = (
				AD8847A220571EA8000DD6A1 /* LaunchScreen.storyboard in Resources */,
				AD88479F20571EA8000DD6A1 /* Assets.xcassets in Resources */,
				AD88479A20571EA8000DD6A1 /* Main.storyboard in Resources */,
			);
			runOnlyForDeploymentPostprocessing = 0;
		};
		AD8847A620571EA9000DD6A1 /* Resources */ = {
			isa = PBXResourcesBuildPhase;
			buildActionMask = 2147483647;
			files = (
			);
			runOnlyForDeploymentPostprocessing = 0;
		};
		AD8847B120571EA9000DD6A1 /* Resources */ = {
			isa = PBXResourcesBuildPhase;
			buildActionMask = 2147483647;
			files = (
			);
			runOnlyForDeploymentPostprocessing = 0;
		};
/* End PBXResourcesBuildPhase section */

/* Begin PBXShellScriptBuildPhase section */
		03251BB5E6C8721BF846677A /* [CP] Copy Pods Resources */ = {
			isa = PBXShellScriptBuildPhase;
			buildActionMask = 2147483647;
			files = (
			);
			inputPaths = (
			);
			name = "[CP] Copy Pods Resources";
			outputPaths = (
			);
			runOnlyForDeploymentPostprocessing = 0;
			shellPath = /bin/sh;
			shellScript = "\"${SRCROOT}/Pods/Target Support Files/Pods-RHMobi/Pods-RHMobi-resources.sh\"\n";
			showEnvVarsInLog = 0;
		};
		76C532080F3D3259AEF35E40 /* [CP] Check Pods Manifest.lock */ = {
			isa = PBXShellScriptBuildPhase;
			buildActionMask = 2147483647;
			files = (
			);
			inputPaths = (
				"${PODS_PODFILE_DIR_PATH}/Podfile.lock",
				"${PODS_ROOT}/Manifest.lock",
			);
			name = "[CP] Check Pods Manifest.lock";
			outputPaths = (
				"$(DERIVED_FILE_DIR)/Pods-RHMobiUITests-checkManifestLockResult.txt",
			);
			runOnlyForDeploymentPostprocessing = 0;
			shellPath = /bin/sh;
			shellScript = "diff \"${PODS_PODFILE_DIR_PATH}/Podfile.lock\" \"${PODS_ROOT}/Manifest.lock\" > /dev/null\nif [ $? != 0 ] ; then\n    # print error to STDERR\n    echo \"error: The sandbox is not in sync with the Podfile.lock. Run 'pod install' or update your CocoaPods installation.\" >&2\n    exit 1\nfi\n# This output is used by Xcode 'outputs' to avoid re-running this script phase.\necho \"SUCCESS\" > \"${SCRIPT_OUTPUT_FILE_0}\"\n";
			showEnvVarsInLog = 0;
		};
		821621AD5F446D5D906B4A6B /* [CP] Embed Pods Frameworks */ = {
			isa = PBXShellScriptBuildPhase;
			buildActionMask = 2147483647;
			files = (
			);
			inputPaths = (
			);
			name = "[CP] Embed Pods Frameworks";
			outputPaths = (
			);
			runOnlyForDeploymentPostprocessing = 0;
			shellPath = /bin/sh;
			shellScript = "\"${SRCROOT}/Pods/Target Support Files/Pods-RHMobiTests/Pods-RHMobiTests-frameworks.sh\"\n";
			showEnvVarsInLog = 0;
		};
		87FA3473370B379D6087B890 /* [CP] Check Pods Manifest.lock */ = {
			isa = PBXShellScriptBuildPhase;
			buildActionMask = 2147483647;
			files = (
			);
			inputPaths = (
				"${PODS_PODFILE_DIR_PATH}/Podfile.lock",
				"${PODS_ROOT}/Manifest.lock",
			);
			name = "[CP] Check Pods Manifest.lock";
			outputPaths = (
				"$(DERIVED_FILE_DIR)/Pods-RHMobiTests-checkManifestLockResult.txt",
			);
			runOnlyForDeploymentPostprocessing = 0;
			shellPath = /bin/sh;
			shellScript = "diff \"${PODS_PODFILE_DIR_PATH}/Podfile.lock\" \"${PODS_ROOT}/Manifest.lock\" > /dev/null\nif [ $? != 0 ] ; then\n    # print error to STDERR\n    echo \"error: The sandbox is not in sync with the Podfile.lock. Run 'pod install' or update your CocoaPods installation.\" >&2\n    exit 1\nfi\n# This output is used by Xcode 'outputs' to avoid re-running this script phase.\necho \"SUCCESS\" > \"${SCRIPT_OUTPUT_FILE_0}\"\n";
			showEnvVarsInLog = 0;
		};
		8B059D17DB448E68CE1B84C2 /* [CP] Copy Pods Resources */ = {
			isa = PBXShellScriptBuildPhase;
			buildActionMask = 2147483647;
			files = (
			);
			inputPaths = (
			);
			name = "[CP] Copy Pods Resources";
			outputPaths = (
			);
			runOnlyForDeploymentPostprocessing = 0;
			shellPath = /bin/sh;
			shellScript = "\"${SRCROOT}/Pods/Target Support Files/Pods-RHMobiTests/Pods-RHMobiTests-resources.sh\"\n";
			showEnvVarsInLog = 0;
		};
		8EB6BCB742E24DA6C52BBC70 /* [CP] Copy Pods Resources */ = {
			isa = PBXShellScriptBuildPhase;
			buildActionMask = 2147483647;
			files = (
			);
			inputPaths = (
			);
			name = "[CP] Copy Pods Resources";
			outputPaths = (
			);
			runOnlyForDeploymentPostprocessing = 0;
			shellPath = /bin/sh;
			shellScript = "\"${SRCROOT}/Pods/Target Support Files/Pods-RHMobiUITests/Pods-RHMobiUITests-resources.sh\"\n";
			showEnvVarsInLog = 0;
		};
		C5F0A361D7D012AE0E59E9C3 /* [CP] Embed Pods Frameworks */ = {
			isa = PBXShellScriptBuildPhase;
			buildActionMask = 2147483647;
			files = (
			);
			inputPaths = (
				"${SRCROOT}/Pods/Target Support Files/Pods-RHMobi/Pods-RHMobi-frameworks.sh",
				"${BUILT_PRODUCTS_DIR}/Alamofire/Alamofire.framework",
				"${BUILT_PRODUCTS_DIR}/SwiftyJSON/SwiftyJSON.framework",
			);
			name = "[CP] Embed Pods Frameworks";
			outputPaths = (
				"${TARGET_BUILD_DIR}/${FRAMEWORKS_FOLDER_PATH}/Alamofire.framework",
				"${TARGET_BUILD_DIR}/${FRAMEWORKS_FOLDER_PATH}/SwiftyJSON.framework",
			);
			runOnlyForDeploymentPostprocessing = 0;
			shellPath = /bin/sh;
			shellScript = "\"${SRCROOT}/Pods/Target Support Files/Pods-RHMobi/Pods-RHMobi-frameworks.sh\"\n";
			showEnvVarsInLog = 0;
		};
		E06B7D5ACA8EBB63130329D3 /* [CP] Check Pods Manifest.lock */ = {
			isa = PBXShellScriptBuildPhase;
			buildActionMask = 2147483647;
			files = (
			);
			inputPaths = (
				"${PODS_PODFILE_DIR_PATH}/Podfile.lock",
				"${PODS_ROOT}/Manifest.lock",
			);
			name = "[CP] Check Pods Manifest.lock";
			outputPaths = (
				"$(DERIVED_FILE_DIR)/Pods-RHMobi-checkManifestLockResult.txt",
			);
			runOnlyForDeploymentPostprocessing = 0;
			shellPath = /bin/sh;
			shellScript = "diff \"${PODS_PODFILE_DIR_PATH}/Podfile.lock\" \"${PODS_ROOT}/Manifest.lock\" > /dev/null\nif [ $? != 0 ] ; then\n    # print error to STDERR\n    echo \"error: The sandbox is not in sync with the Podfile.lock. Run 'pod install' or update your CocoaPods installation.\" >&2\n    exit 1\nfi\n# This output is used by Xcode 'outputs' to avoid re-running this script phase.\necho \"SUCCESS\" > \"${SCRIPT_OUTPUT_FILE_0}\"\n";
			showEnvVarsInLog = 0;
		};
		FD41C2797DEAA1AF92979FE1 /* [CP] Embed Pods Frameworks */ = {
			isa = PBXShellScriptBuildPhase;
			buildActionMask = 2147483647;
			files = (
			);
			inputPaths = (
			);
			name = "[CP] Embed Pods Frameworks";
			outputPaths = (
			);
			runOnlyForDeploymentPostprocessing = 0;
			shellPath = /bin/sh;
			shellScript = "\"${SRCROOT}/Pods/Target Support Files/Pods-RHMobiUITests/Pods-RHMobiUITests-frameworks.sh\"\n";
			showEnvVarsInLog = 0;
		};
/* End PBXShellScriptBuildPhase section */

/* Begin PBXSourcesBuildPhase section */
		AD88478D20571EA8000DD6A1 /* Sources */ = {
			isa = PBXSourcesBuildPhase;
			buildActionMask = 2147483647;
			files = (
				ADBEDBDF2070120300DB53CA /* CoreDataHelper.swift in Sources */,
				AD8847D12057427E000DD6A1 /* Vaga.swift in Sources */,
				AD88479D20571EA8000DD6A1 /* RHMobi.xcdatamodeld in Sources */,
				AD4C3C4120584A0E0047DFFE /* DetalhesVagaViewController.swift in Sources */,
				ADC47274206C7DBC008F8242 /* DescReqVagaContainerViewController.swift in Sources */,
				ADA3BE99205964F40012E03B /* LoginViewController.swift in Sources */,
				AD8847DB205753A6000DD6A1 /* UrlEnumHelper.swift in Sources */,
				AD7B19EC205C54BB00A012D6 /* Candidato.swift in Sources */,
				AD8847D520574A89000DD6A1 /* JsonDelegate.swift in Sources */,
				ADC47276206C89FF008F8242 /* VagaHelper.swift in Sources */,
				AD10199C205ABA9C00FDF2EC /* Endereco.swift in Sources */,
				ADD04AFA2061840C004340A7 /* CandidatoDAO.swift in Sources */,
				AD7B19F9205C6BFE00A012D6 /* Cliente.swift in Sources */,
				AD8847DD2057667A000DD6A1 /* String+extension+IdentifySubstrings.swift in Sources */,
				AD8847CD205741BE000DD6A1 /* AreasInteresse.swift in Sources */,
				AD88479720571EA8000DD6A1 /* ListaVagasViewController.swift in Sources */,
				AD88479520571EA8000DD6A1 /* AppDelegate.swift in Sources */,
				ADA3BE9320595DB00012E03B /* UsuariorHelper.swift in Sources */,
				AD7B19F0205C5A0400A012D6 /* StatusCV.swift in Sources */,
				AD7B19F7205C692400A012D6 /* StatusCVEnumHelper.swift in Sources */,
				AD7B19F3205C5B7200A012D6 /* StatusVaga.swift in Sources */,
				AD0D2F26205B2E2900912130 /* FotoHelper.swift in Sources */,
				AD8847D820574F81000DD6A1 /* VagasTableViewCell.swift in Sources */,
				AD8847D320574596000DD6A1 /* UIImageView+extension+DownloadImgFromWeb.swift in Sources */,
				AD8847CF2057421E000DD6A1 /* Requisitos.swift in Sources */,
				AD0D2F28205B2E6C00912130 /* NotificationKeysEnumHelper.swift in Sources */,
				ADC47272206C7D81008F8242 /* ResumoVagaContainerViewController.swift in Sources */,
				AD7B19EE205C58A800A012D6 /* CV.swift in Sources */,
				AD0D2F2A205B32B900912130 /* CadastroViewController.swift in Sources */,
				AD7B19F5205C684A00A012D6 /* StatusVagaEnumHelper.swift in Sources */,
				ADBEDBE02070120300DB53CA /* JsonHelper.swift in Sources */,
			);
			runOnlyForDeploymentPostprocessing = 0;
		};
		AD8847A420571EA9000DD6A1 /* Sources */ = {
			isa = PBXSourcesBuildPhase;
			buildActionMask = 2147483647;
			files = (
				AD8847AD20571EA9000DD6A1 /* RHMobiTests.swift in Sources */,
			);
			runOnlyForDeploymentPostprocessing = 0;
		};
		AD8847AF20571EA9000DD6A1 /* Sources */ = {
			isa = PBXSourcesBuildPhase;
			buildActionMask = 2147483647;
			files = (
				AD8847B820571EA9000DD6A1 /* RHMobiUITests.swift in Sources */,
			);
			runOnlyForDeploymentPostprocessing = 0;
		};
/* End PBXSourcesBuildPhase section */

/* Begin PBXTargetDependency section */
		AD8847AA20571EA9000DD6A1 /* PBXTargetDependency */ = {
			isa = PBXTargetDependency;
			target = AD88479020571EA8000DD6A1 /* RHMobi */;
			targetProxy = AD8847A920571EA9000DD6A1 /* PBXContainerItemProxy */;
		};
		AD8847B520571EA9000DD6A1 /* PBXTargetDependency */ = {
			isa = PBXTargetDependency;
			target = AD88479020571EA8000DD6A1 /* RHMobi */;
			targetProxy = AD8847B420571EA9000DD6A1 /* PBXContainerItemProxy */;
		};
/* End PBXTargetDependency section */

/* Begin PBXVariantGroup section */
		AD88479820571EA8000DD6A1 /* Main.storyboard */ = {
			isa = PBXVariantGroup;
			children = (
				AD88479920571EA8000DD6A1 /* Base */,
			);
			name = Main.storyboard;
			sourceTree = "<group>";
		};
		AD8847A020571EA8000DD6A1 /* LaunchScreen.storyboard */ = {
			isa = PBXVariantGroup;
			children = (
				AD8847A120571EA8000DD6A1 /* Base */,
			);
			name = LaunchScreen.storyboard;
			sourceTree = "<group>";
		};
/* End PBXVariantGroup section */

/* Begin XCBuildConfiguration section */
		AD8847BA20571EA9000DD6A1 /* Debug */ = {
			isa = XCBuildConfiguration;
			buildSettings = {
				ALWAYS_SEARCH_USER_PATHS = NO;
				CLANG_ANALYZER_NONNULL = YES;
				CLANG_ANALYZER_NUMBER_OBJECT_CONVERSION = YES_AGGRESSIVE;
				CLANG_CXX_LANGUAGE_STANDARD = "gnu++14";
				CLANG_CXX_LIBRARY = "libc++";
				CLANG_ENABLE_MODULES = YES;
				CLANG_ENABLE_OBJC_ARC = YES;
				CLANG_WARN_BLOCK_CAPTURE_AUTORELEASING = YES;
				CLANG_WARN_BOOL_CONVERSION = YES;
				CLANG_WARN_COMMA = YES;
				CLANG_WARN_CONSTANT_CONVERSION = YES;
				CLANG_WARN_DIRECT_OBJC_ISA_USAGE = YES_ERROR;
				CLANG_WARN_DOCUMENTATION_COMMENTS = YES;
				CLANG_WARN_EMPTY_BODY = YES;
				CLANG_WARN_ENUM_CONVERSION = YES;
				CLANG_WARN_INFINITE_RECURSION = YES;
				CLANG_WARN_INT_CONVERSION = YES;
				CLANG_WARN_NON_LITERAL_NULL_CONVERSION = YES;
				CLANG_WARN_OBJC_LITERAL_CONVERSION = YES;
				CLANG_WARN_OBJC_ROOT_CLASS = YES_ERROR;
				CLANG_WARN_RANGE_LOOP_ANALYSIS = YES;
				CLANG_WARN_STRICT_PROTOTYPES = YES;
				CLANG_WARN_SUSPICIOUS_MOVE = YES;
				CLANG_WARN_UNGUARDED_AVAILABILITY = YES_AGGRESSIVE;
				CLANG_WARN_UNREACHABLE_CODE = YES;
				CLANG_WARN__DUPLICATE_METHOD_MATCH = YES;
				CODE_SIGN_IDENTITY = "iPhone Developer";
				COPY_PHASE_STRIP = NO;
				DEBUG_INFORMATION_FORMAT = dwarf;
				ENABLE_STRICT_OBJC_MSGSEND = YES;
				ENABLE_TESTABILITY = YES;
				GCC_C_LANGUAGE_STANDARD = gnu11;
				GCC_DYNAMIC_NO_PIC = NO;
				GCC_NO_COMMON_BLOCKS = YES;
				GCC_OPTIMIZATION_LEVEL = 0;
				GCC_PREPROCESSOR_DEFINITIONS = (
					"DEBUG=1",
					"$(inherited)",
				);
				GCC_WARN_64_TO_32_BIT_CONVERSION = YES;
				GCC_WARN_ABOUT_RETURN_TYPE = YES_ERROR;
				GCC_WARN_UNDECLARED_SELECTOR = YES;
				GCC_WARN_UNINITIALIZED_AUTOS = YES_AGGRESSIVE;
				GCC_WARN_UNUSED_FUNCTION = YES;
				GCC_WARN_UNUSED_VARIABLE = YES;
				IPHONEOS_DEPLOYMENT_TARGET = 11.2;
				MTL_ENABLE_DEBUG_INFO = YES;
				ONLY_ACTIVE_ARCH = YES;
				SDKROOT = iphoneos;
				SWIFT_ACTIVE_COMPILATION_CONDITIONS = DEBUG;
				SWIFT_OPTIMIZATION_LEVEL = "-Onone";
			};
			name = Debug;
		};
		AD8847BB20571EA9000DD6A1 /* Release */ = {
			isa = XCBuildConfiguration;
			buildSettings = {
				ALWAYS_SEARCH_USER_PATHS = NO;
				CLANG_ANALYZER_NONNULL = YES;
				CLANG_ANALYZER_NUMBER_OBJECT_CONVERSION = YES_AGGRESSIVE;
				CLANG_CXX_LANGUAGE_STANDARD = "gnu++14";
				CLANG_CXX_LIBRARY = "libc++";
				CLANG_ENABLE_MODULES = YES;
				CLANG_ENABLE_OBJC_ARC = YES;
				CLANG_WARN_BLOCK_CAPTURE_AUTORELEASING = YES;
				CLANG_WARN_BOOL_CONVERSION = YES;
				CLANG_WARN_COMMA = YES;
				CLANG_WARN_CONSTANT_CONVERSION = YES;
				CLANG_WARN_DIRECT_OBJC_ISA_USAGE = YES_ERROR;
				CLANG_WARN_DOCUMENTATION_COMMENTS = YES;
				CLANG_WARN_EMPTY_BODY = YES;
				CLANG_WARN_ENUM_CONVERSION = YES;
				CLANG_WARN_INFINITE_RECURSION = YES;
				CLANG_WARN_INT_CONVERSION = YES;
				CLANG_WARN_NON_LITERAL_NULL_CONVERSION = YES;
				CLANG_WARN_OBJC_LITERAL_CONVERSION = YES;
				CLANG_WARN_OBJC_ROOT_CLASS = YES_ERROR;
				CLANG_WARN_RANGE_LOOP_ANALYSIS = YES;
				CLANG_WARN_STRICT_PROTOTYPES = YES;
				CLANG_WARN_SUSPICIOUS_MOVE = YES;
				CLANG_WARN_UNGUARDED_AVAILABILITY = YES_AGGRESSIVE;
				CLANG_WARN_UNREACHABLE_CODE = YES;
				CLANG_WARN__DUPLICATE_METHOD_MATCH = YES;
				CODE_SIGN_IDENTITY = "iPhone Developer";
				COPY_PHASE_STRIP = NO;
				DEBUG_INFORMATION_FORMAT = "dwarf-with-dsym";
				ENABLE_NS_ASSERTIONS = NO;
				ENABLE_STRICT_OBJC_MSGSEND = YES;
				GCC_C_LANGUAGE_STANDARD = gnu11;
				GCC_NO_COMMON_BLOCKS = YES;
				GCC_WARN_64_TO_32_BIT_CONVERSION = YES;
				GCC_WARN_ABOUT_RETURN_TYPE = YES_ERROR;
				GCC_WARN_UNDECLARED_SELECTOR = YES;
				GCC_WARN_UNINITIALIZED_AUTOS = YES_AGGRESSIVE;
				GCC_WARN_UNUSED_FUNCTION = YES;
				GCC_WARN_UNUSED_VARIABLE = YES;
				IPHONEOS_DEPLOYMENT_TARGET = 11.2;
				MTL_ENABLE_DEBUG_INFO = NO;
				SDKROOT = iphoneos;
				SWIFT_OPTIMIZATION_LEVEL = "-Owholemodule";
				VALIDATE_PRODUCT = YES;
			};
			name = Release;
		};
		AD8847BD20571EA9000DD6A1 /* Debug */ = {
			isa = XCBuildConfiguration;
			baseConfigurationReference = D014E1A1EBD0A1CEDFCEAC4F /* Pods-RHMobi.debug.xcconfig */;
			buildSettings = {
				ASSETCATALOG_COMPILER_APPICON_NAME = AppIcon;
				CODE_SIGN_STYLE = Automatic;
				DEVELOPMENT_TEAM = 7WV8M257CC;
				INFOPLIST_FILE = RHMobi/Info.plist;
				IPHONEOS_DEPLOYMENT_TARGET = 10.0;
				LD_RUNPATH_SEARCH_PATHS = "$(inherited) @executable_path/Frameworks";
				PRODUCT_BUNDLE_IDENTIFIER = com.EdsonJr.RHMobi;
				PRODUCT_NAME = "$(TARGET_NAME)";
				SWIFT_VERSION = 4.0;
				TARGETED_DEVICE_FAMILY = "1,2";
			};
			name = Debug;
		};
		AD8847BE20571EA9000DD6A1 /* Release */ = {
			isa = XCBuildConfiguration;
			baseConfigurationReference = D202F91CCF48FAA53F572420 /* Pods-RHMobi.release.xcconfig */;
			buildSettings = {
				ASSETCATALOG_COMPILER_APPICON_NAME = AppIcon;
				CODE_SIGN_STYLE = Automatic;
				DEVELOPMENT_TEAM = 7WV8M257CC;
				INFOPLIST_FILE = RHMobi/Info.plist;
				IPHONEOS_DEPLOYMENT_TARGET = 10.0;
				LD_RUNPATH_SEARCH_PATHS = "$(inherited) @executable_path/Frameworks";
				PRODUCT_BUNDLE_IDENTIFIER = com.EdsonJr.RHMobi;
				PRODUCT_NAME = "$(TARGET_NAME)";
				SWIFT_VERSION = 4.0;
				TARGETED_DEVICE_FAMILY = "1,2";
			};
			name = Release;
		};
		AD8847C020571EA9000DD6A1 /* Debug */ = {
			isa = XCBuildConfiguration;
			baseConfigurationReference = E53F9BAF625202C43FD6BAA5 /* Pods-RHMobiTests.debug.xcconfig */;
			buildSettings = {
				ALWAYS_EMBED_SWIFT_STANDARD_LIBRARIES = YES;
				BUNDLE_LOADER = "$(TEST_HOST)";
				CODE_SIGN_STYLE = Automatic;
				DEVELOPMENT_TEAM = 7WV8M257CC;
				INFOPLIST_FILE = RHMobiTests/Info.plist;
				LD_RUNPATH_SEARCH_PATHS = "$(inherited) @executable_path/Frameworks @loader_path/Frameworks";
				PRODUCT_BUNDLE_IDENTIFIER = com.EdsonJr.RHMobiTests;
				PRODUCT_NAME = "$(TARGET_NAME)";
				SWIFT_VERSION = 4.0;
				TARGETED_DEVICE_FAMILY = "1,2";
				TEST_HOST = "$(BUILT_PRODUCTS_DIR)/RHMobi.app/RHMobi";
			};
			name = Debug;
		};
		AD8847C120571EA9000DD6A1 /* Release */ = {
			isa = XCBuildConfiguration;
			baseConfigurationReference = 50500284D671A76EF63E894A /* Pods-RHMobiTests.release.xcconfig */;
			buildSettings = {
				ALWAYS_EMBED_SWIFT_STANDARD_LIBRARIES = YES;
				BUNDLE_LOADER = "$(TEST_HOST)";
				CODE_SIGN_STYLE = Automatic;
				DEVELOPMENT_TEAM = 7WV8M257CC;
				INFOPLIST_FILE = RHMobiTests/Info.plist;
				LD_RUNPATH_SEARCH_PATHS = "$(inherited) @executable_path/Frameworks @loader_path/Frameworks";
				PRODUCT_BUNDLE_IDENTIFIER = com.EdsonJr.RHMobiTests;
				PRODUCT_NAME = "$(TARGET_NAME)";
				SWIFT_VERSION = 4.0;
				TARGETED_DEVICE_FAMILY = "1,2";
				TEST_HOST = "$(BUILT_PRODUCTS_DIR)/RHMobi.app/RHMobi";
			};
			name = Release;
		};
		AD8847C320571EA9000DD6A1 /* Debug */ = {
			isa = XCBuildConfiguration;
			baseConfigurationReference = 45F3726B116050540BB0B686 /* Pods-RHMobiUITests.debug.xcconfig */;
			buildSettings = {
				ALWAYS_EMBED_SWIFT_STANDARD_LIBRARIES = YES;
				CODE_SIGN_STYLE = Automatic;
				DEVELOPMENT_TEAM = 7WV8M257CC;
				INFOPLIST_FILE = RHMobiUITests/Info.plist;
				LD_RUNPATH_SEARCH_PATHS = "$(inherited) @executable_path/Frameworks @loader_path/Frameworks";
				PRODUCT_BUNDLE_IDENTIFIER = com.EdsonJr.RHMobiUITests;
				PRODUCT_NAME = "$(TARGET_NAME)";
				SWIFT_VERSION = 4.0;
				TARGETED_DEVICE_FAMILY = "1,2";
				TEST_TARGET_NAME = RHMobi;
			};
			name = Debug;
		};
		AD8847C420571EA9000DD6A1 /* Release */ = {
			isa = XCBuildConfiguration;
			baseConfigurationReference = BFB591D32B661BA63C1FB577 /* Pods-RHMobiUITests.release.xcconfig */;
			buildSettings = {
				ALWAYS_EMBED_SWIFT_STANDARD_LIBRARIES = YES;
				CODE_SIGN_STYLE = Automatic;
				DEVELOPMENT_TEAM = 7WV8M257CC;
				INFOPLIST_FILE = RHMobiUITests/Info.plist;
				LD_RUNPATH_SEARCH_PATHS = "$(inherited) @executable_path/Frameworks @loader_path/Frameworks";
				PRODUCT_BUNDLE_IDENTIFIER = com.EdsonJr.RHMobiUITests;
				PRODUCT_NAME = "$(TARGET_NAME)";
				SWIFT_VERSION = 4.0;
				TARGETED_DEVICE_FAMILY = "1,2";
				TEST_TARGET_NAME = RHMobi;
			};
			name = Release;
		};
/* End XCBuildConfiguration section */

/* Begin XCConfigurationList section */
		AD88478C20571EA8000DD6A1 /* Build configuration list for PBXProject "RHMobi" */ = {
			isa = XCConfigurationList;
			buildConfigurations = (
				AD8847BA20571EA9000DD6A1 /* Debug */,
				AD8847BB20571EA9000DD6A1 /* Release */,
			);
			defaultConfigurationIsVisible = 0;
			defaultConfigurationName = Release;
		};
		AD8847BC20571EA9000DD6A1 /* Build configuration list for PBXNativeTarget "RHMobi" */ = {
			isa = XCConfigurationList;
			buildConfigurations = (
				AD8847BD20571EA9000DD6A1 /* Debug */,
				AD8847BE20571EA9000DD6A1 /* Release */,
			);
			defaultConfigurationIsVisible = 0;
			defaultConfigurationName = Release;
		};
		AD8847BF20571EA9000DD6A1 /* Build configuration list for PBXNativeTarget "RHMobiTests" */ = {
			isa = XCConfigurationList;
			buildConfigurations = (
				AD8847C020571EA9000DD6A1 /* Debug */,
				AD8847C120571EA9000DD6A1 /* Release */,
			);
			defaultConfigurationIsVisible = 0;
			defaultConfigurationName = Release;
		};
		AD8847C220571EA9000DD6A1 /* Build configuration list for PBXNativeTarget "RHMobiUITests" */ = {
			isa = XCConfigurationList;
			buildConfigurations = (
				AD8847C320571EA9000DD6A1 /* Debug */,
				AD8847C420571EA9000DD6A1 /* Release */,
			);
			defaultConfigurationIsVisible = 0;
			defaultConfigurationName = Release;
		};
/* End XCConfigurationList section */

/* Begin XCVersionGroup section */
		AD88479B20571EA8000DD6A1 /* RHMobi.xcdatamodeld */ = {
			isa = XCVersionGroup;
			children = (
				AD88479C20571EA8000DD6A1 /* RHMobi.xcdatamodel */,
			);
			currentVersion = AD88479C20571EA8000DD6A1 /* RHMobi.xcdatamodel */;
			path = RHMobi.xcdatamodeld;
			sourceTree = "<group>";
			versionGroupType = wrapper.xcdatamodel;
		};
/* End XCVersionGroup section */
	};
	rootObject = AD88478920571EA8000DD6A1 /* Project object */;
}
